
Microsoft Visual Studio Solution File, Format Version 12.00
# Visual Studio Version 17
VisualStudioVersion = 17.0.32112.339
MinimumVisualStudioVersion = 10.0.40219.1
Project("{FAE04EC0-301F-11D3-BF4B-00C04F79EFBC}") = "Demineur", "Demineur.csproj", "{E32941D7-9BF8-43DD-8371-8A04E17F86D2}"
EndProject
Global
	GlobalSection(SolutionConfigurationPlatforms) = preSolution
		Debug|Any CPU = Debug|Any CPU
		Release|Any CPU = Release|Any CPU
	EndGlobalSection
	GlobalSection(ProjectConfigurationPlatforms) = postSolution
		{E32941D7-9BF8-43DD-8371-8A04E17F86D2}.Debug|Any CPU.ActiveCfg = Debug|Any CPU
		{E32941D7-9BF8-43DD-8371-8A04E17F86D2}.Debug|Any CPU.Build.0 = Debug|Any CPU
		{E32941D7-9BF8-43DD-8371-8A04E17F86D2}.Release|Any CPU.ActiveCfg = Release|Any CPU
		{E32941D7-9BF8-43DD-8371-8A04E17F86D2}.Release|Any CPU.Build.0 = Release|Any CPU
	EndGlobalSection
	GlobalSection(SolutionProperties) = preSolution
		HideSolutionNode = FALSE
	EndGlobalSection
	GlobalSection(ExtensibilityGlobals) = postSolution
		SolutionGuid = {C3AC97FB-F7DD-486B-85D1-0B762869DBE2}
	EndGlobalSection
EndGlobal
